
Microsoft Visual Studio Solution File, Format Version 12.00
# Visual Studio Version 17
VisualStudioVersion = 17.4.33122.133
MinimumVisualStudioVersion = 10.0.40219.1
Project("{9A19103F-16F7-4668-BE54-9A1E7A4F7556}") = "Pure", "Pure\Pure.csproj", "{6E7004E9-2D90-44C5-85B8-C4F89C34BA5F}"
EndProject
Project("{2150E333-8FDC-42A3-9474-1A3956D46DE8}") = "Entrances", "Entrances", "{69C4FF0E-BC56-439F-8BED-592E3A01EBBD}"
EndProject
Project("{9A19103F-16F7-4668-BE54-9A1E7A4F7556}") = "Purer", "Purer\Purer.csproj", "{268D009B-4F98-46FA-B41C-83F80C4BE6E2}"
EndProject
Project("{9A19103F-16F7-4668-BE54-9A1E7A4F7556}") = "Virgin", "Virgin\Virgin.csproj", "{F70B36AE-F2E7-4C0E-8349-A20572F21239}"
EndProject
Project("{9A19103F-16F7-4668-BE54-9A1E7A4F7556}") = "Aurora", "Aurora\Aurora.csproj", "{CCE0CE9E-06B8-4E1E-9F63-BBA349631020}"
EndProject
Project("{2150E333-8FDC-42A3-9474-1A3956D46DE8}") = "Solution Items", "Solution Items", "{495B342E-4B50-4C7B-8EDF-4C6E7D3F9A6B}"
	ProjectSection(SolutionItems) = preProject
		SampleScripts\Python\PythonExample.cs = SampleScripts\Python\PythonExample.cs
		README.md = README.md
	EndProjectSection
EndProject
Project("{2150E333-8FDC-42A3-9474-1A3956D46DE8}") = "Core", "Core", "{193AD091-95BC-4B43-9C76-D5AFF7DEFB70}"
EndProject
Project("{9A19103F-16F7-4668-BE54-9A1E7A4F7556}") = "Core", "Core\Core.csproj", "{774AB144-AE03-440C-91E9-890DD93146B4}"
EndProject
Project("{9A19103F-16F7-4668-BE54-9A1E7A4F7556}") = "Righteous", "Righteous\Righteous.csproj", "{592669C4-2C39-4AC6-835A-4F26A38760BE}"
EndProject
Project("{2150E333-8FDC-42A3-9474-1A3956D46DE8}") = "UnitTests", "UnitTests", "{375FF2F3-5CB1-48AA-84FA-2B7A57015858}"
EndProject
Project("{9A19103F-16F7-4668-BE54-9A1E7A4F7556}") = "PureServicesUnitTest", "PureServicesUnitTest\PureServicesUnitTest.csproj", "{E2B6E4F3-38E6-4D42-90F5-9F9625EB6FEF}"
EndProject
Project("{2150E333-8FDC-42A3-9474-1A3956D46DE8}") = "ManualTests", "ManualTests", "{C9304917-F884-4798-9CAB-82D3663A5E26}"
EndProject
Project("{9A19103F-16F7-4668-BE54-9A1E7A4F7556}") = "ManualTest", "ManualTest\ManualTest.csproj", "{889BF77F-3F00-47A5-9244-CC1DA81B4A74}"
EndProject
Project("{9A19103F-16F7-4668-BE54-9A1E7A4F7556}") = "CoreSyntaxUnitTest", "CoreSyntaxUnitTest\CoreSyntaxUnitTest.csproj", "{21751928-96AE-483B-A6B7-4EBEEC32419B}"
EndProject
Project("{2150E333-8FDC-42A3-9474-1A3956D46DE8}") = "StandardLibraries", "StandardLibraries", "{66A19951-0B64-4CDA-9283-DF42F000BB81}"
EndProject
Project("{9A19103F-16F7-4668-BE54-9A1E7A4F7556}") = "Plot", "Plot\Plot.csproj", "{6DAD08D8-4474-4097-9BA4-ECB81AB990A0}"
EndProject
Project("{9A19103F-16F7-4668-BE54-9A1E7A4F7556}") = "PlotWindow", "PlotWindow\PlotWindow.csproj", "{57DD9EA7-1382-45F6-BEF5-87CC20ED1D62}"
EndProject
Project("{9A19103F-16F7-4668-BE54-9A1E7A4F7556}") = "PlotTest", "PlotTest\PlotTest.csproj", "{1480F166-0661-40DC-B082-9529DA11A879}"
EndProject
Project("{9A19103F-16F7-4668-BE54-9A1E7A4F7556}") = "Python", "Python\Python.csproj", "{F306C211-6F66-4A88-BD04-20DDBA7312C0}"
EndProject
Project("{2150E333-8FDC-42A3-9474-1A3956D46DE8}") = "LibraryTests", "LibraryTests", "{9D9D1730-0BA6-447B-A521-E9CF3AD984FE}"
EndProject
Project("{FAE04EC0-301F-11D3-BF4B-00C04F79EFBC}") = "PythonTest", "PythonTest\PythonTest.csproj", "{436C9921-9FCD-41DA-A785-749EF7CCF200}"
EndProject
Project("{2150E333-8FDC-42A3-9474-1A3956D46DE8}") = "SampleScripts", "SampleScripts", "{A35751FC-3D78-4AC9-B4F3-7781B188A7E4}"
	ProjectSection(SolutionItems) = preProject
		SampleScripts\Python\PythonExample.cs = SampleScripts\Python\PythonExample.cs
	EndProjectSection
EndProject
Global
	GlobalSection(SolutionConfigurationPlatforms) = preSolution
		Debug|Any CPU = Debug|Any CPU
		Release|Any CPU = Release|Any CPU
	EndGlobalSection
	GlobalSection(ProjectConfigurationPlatforms) = postSolution
		{6E7004E9-2D90-44C5-85B8-C4F89C34BA5F}.Debug|Any CPU.ActiveCfg = Debug|Any CPU
		{6E7004E9-2D90-44C5-85B8-C4F89C34BA5F}.Debug|Any CPU.Build.0 = Debug|Any CPU
		{6E7004E9-2D90-44C5-85B8-C4F89C34BA5F}.Release|Any CPU.ActiveCfg = Release|Any CPU
		{6E7004E9-2D90-44C5-85B8-C4F89C34BA5F}.Release|Any CPU.Build.0 = Release|Any CPU
		{268D009B-4F98-46FA-B41C-83F80C4BE6E2}.Debug|Any CPU.ActiveCfg = Debug|Any CPU
		{268D009B-4F98-46FA-B41C-83F80C4BE6E2}.Debug|Any CPU.Build.0 = Debug|Any CPU
		{268D009B-4F98-46FA-B41C-83F80C4BE6E2}.Release|Any CPU.ActiveCfg = Release|Any CPU
		{268D009B-4F98-46FA-B41C-83F80C4BE6E2}.Release|Any CPU.Build.0 = Release|Any CPU
		{F70B36AE-F2E7-4C0E-8349-A20572F21239}.Debug|Any CPU.ActiveCfg = Debug|Any CPU
		{F70B36AE-F2E7-4C0E-8349-A20572F21239}.Debug|Any CPU.Build.0 = Debug|Any CPU
		{F70B36AE-F2E7-4C0E-8349-A20572F21239}.Release|Any CPU.ActiveCfg = Release|Any CPU
		{F70B36AE-F2E7-4C0E-8349-A20572F21239}.Release|Any CPU.Build.0 = Release|Any CPU
		{CCE0CE9E-06B8-4E1E-9F63-BBA349631020}.Debug|Any CPU.ActiveCfg = Debug|Any CPU
		{CCE0CE9E-06B8-4E1E-9F63-BBA349631020}.Debug|Any CPU.Build.0 = Debug|Any CPU
		{CCE0CE9E-06B8-4E1E-9F63-BBA349631020}.Release|Any CPU.ActiveCfg = Release|Any CPU
		{CCE0CE9E-06B8-4E1E-9F63-BBA349631020}.Release|Any CPU.Build.0 = Release|Any CPU
		{774AB144-AE03-440C-91E9-890DD93146B4}.Debug|Any CPU.ActiveCfg = Debug|Any CPU
		{774AB144-AE03-440C-91E9-890DD93146B4}.Debug|Any CPU.Build.0 = Debug|Any CPU
		{774AB144-AE03-440C-91E9-890DD93146B4}.Release|Any CPU.ActiveCfg = Release|Any CPU
		{774AB144-AE03-440C-91E9-890DD93146B4}.Release|Any CPU.Build.0 = Release|Any CPU
		{592669C4-2C39-4AC6-835A-4F26A38760BE}.Debug|Any CPU.ActiveCfg = Debug|Any CPU
		{592669C4-2C39-4AC6-835A-4F26A38760BE}.Debug|Any CPU.Build.0 = Debug|Any CPU
		{592669C4-2C39-4AC6-835A-4F26A38760BE}.Release|Any CPU.ActiveCfg = Release|Any CPU
		{592669C4-2C39-4AC6-835A-4F26A38760BE}.Release|Any CPU.Build.0 = Release|Any CPU
		{E2B6E4F3-38E6-4D42-90F5-9F9625EB6FEF}.Debug|Any CPU.ActiveCfg = Debug|Any CPU
		{E2B6E4F3-38E6-4D42-90F5-9F9625EB6FEF}.Debug|Any CPU.Build.0 = Debug|Any CPU
		{E2B6E4F3-38E6-4D42-90F5-9F9625EB6FEF}.Release|Any CPU.ActiveCfg = Release|Any CPU
		{E2B6E4F3-38E6-4D42-90F5-9F9625EB6FEF}.Release|Any CPU.Build.0 = Release|Any CPU
		{889BF77F-3F00-47A5-9244-CC1DA81B4A74}.Debug|Any CPU.ActiveCfg = Debug|Any CPU
		{889BF77F-3F00-47A5-9244-CC1DA81B4A74}.Debug|Any CPU.Build.0 = Debug|Any CPU
		{889BF77F-3F00-47A5-9244-CC1DA81B4A74}.Release|Any CPU.ActiveCfg = Release|Any CPU
		{889BF77F-3F00-47A5-9244-CC1DA81B4A74}.Release|Any CPU.Build.0 = Release|Any CPU
		{21751928-96AE-483B-A6B7-4EBEEC32419B}.Debug|Any CPU.ActiveCfg = Debug|Any CPU
		{21751928-96AE-483B-A6B7-4EBEEC32419B}.Debug|Any CPU.Build.0 = Debug|Any CPU
		{21751928-96AE-483B-A6B7-4EBEEC32419B}.Release|Any CPU.ActiveCfg = Release|Any CPU
		{21751928-96AE-483B-A6B7-4EBEEC32419B}.Release|Any CPU.Build.0 = Release|Any CPU
		{6DAD08D8-4474-4097-9BA4-ECB81AB990A0}.Debug|Any CPU.ActiveCfg = Debug|Any CPU
		{6DAD08D8-4474-4097-9BA4-ECB81AB990A0}.Debug|Any CPU.Build.0 = Debug|Any CPU
		{6DAD08D8-4474-4097-9BA4-ECB81AB990A0}.Release|Any CPU.ActiveCfg = Release|Any CPU
		{6DAD08D8-4474-4097-9BA4-ECB81AB990A0}.Release|Any CPU.Build.0 = Release|Any CPU
		{57DD9EA7-1382-45F6-BEF5-87CC20ED1D62}.Debug|Any CPU.ActiveCfg = Debug|Any CPU
		{57DD9EA7-1382-45F6-BEF5-87CC20ED1D62}.Debug|Any CPU.Build.0 = Debug|Any CPU
		{57DD9EA7-1382-45F6-BEF5-87CC20ED1D62}.Release|Any CPU.ActiveCfg = Release|Any CPU
		{57DD9EA7-1382-45F6-BEF5-87CC20ED1D62}.Release|Any CPU.Build.0 = Release|Any CPU
		{1480F166-0661-40DC-B082-9529DA11A879}.Debug|Any CPU.ActiveCfg = Debug|Any CPU
		{1480F166-0661-40DC-B082-9529DA11A879}.Debug|Any CPU.Build.0 = Debug|Any CPU
		{1480F166-0661-40DC-B082-9529DA11A879}.Release|Any CPU.ActiveCfg = Release|Any CPU
		{1480F166-0661-40DC-B082-9529DA11A879}.Release|Any CPU.Build.0 = Release|Any CPU
		{F306C211-6F66-4A88-BD04-20DDBA7312C0}.Debug|Any CPU.ActiveCfg = Debug|Any CPU
		{F306C211-6F66-4A88-BD04-20DDBA7312C0}.Debug|Any CPU.Build.0 = Debug|Any CPU
		{F306C211-6F66-4A88-BD04-20DDBA7312C0}.Release|Any CPU.ActiveCfg = Release|Any CPU
		{F306C211-6F66-4A88-BD04-20DDBA7312C0}.Release|Any CPU.Build.0 = Release|Any CPU
		{436C9921-9FCD-41DA-A785-749EF7CCF200}.Debug|Any CPU.ActiveCfg = Debug|Any CPU
		{436C9921-9FCD-41DA-A785-749EF7CCF200}.Debug|Any CPU.Build.0 = Debug|Any CPU
		{436C9921-9FCD-41DA-A785-749EF7CCF200}.Release|Any CPU.ActiveCfg = Release|Any CPU
		{436C9921-9FCD-41DA-A785-749EF7CCF200}.Release|Any CPU.Build.0 = Release|Any CPU
	EndGlobalSection
	GlobalSection(SolutionProperties) = preSolution
		HideSolutionNode = FALSE
	EndGlobalSection
	GlobalSection(NestedProjects) = preSolution
		{6E7004E9-2D90-44C5-85B8-C4F89C34BA5F} = {69C4FF0E-BC56-439F-8BED-592E3A01EBBD}
		{268D009B-4F98-46FA-B41C-83F80C4BE6E2} = {69C4FF0E-BC56-439F-8BED-592E3A01EBBD}
		{F70B36AE-F2E7-4C0E-8349-A20572F21239} = {69C4FF0E-BC56-439F-8BED-592E3A01EBBD}
		{CCE0CE9E-06B8-4E1E-9F63-BBA349631020} = {69C4FF0E-BC56-439F-8BED-592E3A01EBBD}
		{774AB144-AE03-440C-91E9-890DD93146B4} = {193AD091-95BC-4B43-9C76-D5AFF7DEFB70}
		{592669C4-2C39-4AC6-835A-4F26A38760BE} = {69C4FF0E-BC56-439F-8BED-592E3A01EBBD}
		{E2B6E4F3-38E6-4D42-90F5-9F9625EB6FEF} = {375FF2F3-5CB1-48AA-84FA-2B7A57015858}
		{889BF77F-3F00-47A5-9244-CC1DA81B4A74} = {C9304917-F884-4798-9CAB-82D3663A5E26}
		{21751928-96AE-483B-A6B7-4EBEEC32419B} = {375FF2F3-5CB1-48AA-84FA-2B7A57015858}
		{6DAD08D8-4474-4097-9BA4-ECB81AB990A0} = {66A19951-0B64-4CDA-9283-DF42F000BB81}
		{57DD9EA7-1382-45F6-BEF5-87CC20ED1D62} = {66A19951-0B64-4CDA-9283-DF42F000BB81}
		{1480F166-0661-40DC-B082-9529DA11A879} = {9D9D1730-0BA6-447B-A521-E9CF3AD984FE}
		{F306C211-6F66-4A88-BD04-20DDBA7312C0} = {66A19951-0B64-4CDA-9283-DF42F000BB81}
		{9D9D1730-0BA6-447B-A521-E9CF3AD984FE} = {C9304917-F884-4798-9CAB-82D3663A5E26}
		{436C9921-9FCD-41DA-A785-749EF7CCF200} = {9D9D1730-0BA6-447B-A521-E9CF3AD984FE}
		{A35751FC-3D78-4AC9-B4F3-7781B188A7E4} = {495B342E-4B50-4C7B-8EDF-4C6E7D3F9A6B}
	EndGlobalSection
	GlobalSection(ExtensibilityGlobals) = postSolution
		SolutionGuid = {B113BF9D-0A5B-43D7-A132-D1CCD6AC46DA}
	EndGlobalSection
EndGlobal
