
Microsoft Visual Studio Solution File, Format Version 12.00
# Visual Studio Version 17
VisualStudioVersion = 17.4.33122.133
MinimumVisualStudioVersion = 10.0.40219.1
Project("{2150E333-8FDC-42A3-9474-1A3956D46DE8}") = "Entrances", "Entrances", "{69C4FF0E-BC56-439F-8BED-592E3A01EBBD}"
EndProject
Project("{2150E333-8FDC-42A3-9474-1A3956D46DE8}") = "Solution Items", "Solution Items", "{495B342E-4B50-4C7B-8EDF-4C6E7D3F9A6B}"
	ProjectSection(SolutionItems) = preProject
		Examples\SampleScripts\Python\PythonExample.cs = Examples\SampleScripts\Python\PythonExample.cs
		README.md = README.md
	EndProjectSection
EndProject
Project("{2150E333-8FDC-42A3-9474-1A3956D46DE8}") = "Core", "Core", "{193AD091-95BC-4B43-9C76-D5AFF7DEFB70}"
EndProject
Project("{9A19103F-16F7-4668-BE54-9A1E7A4F7556}") = "Core", "Core\Core.csproj", "{774AB144-AE03-440C-91E9-890DD93146B4}"
EndProject
Project("{2150E333-8FDC-42A3-9474-1A3956D46DE8}") = "UnitTests", "UnitTests", "{375FF2F3-5CB1-48AA-84FA-2B7A57015858}"
EndProject
Project("{2150E333-8FDC-42A3-9474-1A3956D46DE8}") = "ManualTests", "ManualTests", "{C9304917-F884-4798-9CAB-82D3663A5E26}"
EndProject
Project("{2150E333-8FDC-42A3-9474-1A3956D46DE8}") = "StandardLibraries", "StandardLibraries", "{66A19951-0B64-4CDA-9283-DF42F000BB81}"
EndProject
Project("{2150E333-8FDC-42A3-9474-1A3956D46DE8}") = "LibraryTests", "LibraryTests", "{9D9D1730-0BA6-447B-A521-E9CF3AD984FE}"
EndProject
Project("{2150E333-8FDC-42A3-9474-1A3956D46DE8}") = "SampleScripts", "SampleScripts", "{A35751FC-3D78-4AC9-B4F3-7781B188A7E4}"
	ProjectSection(SolutionItems) = preProject
		Examples\Notebook\PythongLibrary\PythonLibraryBasicUsage.md = Examples\Notebook\PythongLibrary\PythonLibraryBasicUsage.md
	EndProjectSection
EndProject
Project("{2150E333-8FDC-42A3-9474-1A3956D46DE8}") = "NonStandardLibraries", "NonStandardLibraries", "{6BFA5661-1352-4F51-8E1B-3756C1912463}"
EndProject
Project("{2150E333-8FDC-42A3-9474-1A3956D46DE8}") = "ExperimentalFrontends", "ExperimentalFrontends", "{B94B6375-FDCB-4E5B-9670-F518924CFD0F}"
EndProject
Project("{2150E333-8FDC-42A3-9474-1A3956D46DE8}") = "LibraryTests", "LibraryTests", "{D1993D37-B5EB-4405-B730-BDDBE267BE48}"
EndProject
Project("{9A19103F-16F7-4668-BE54-9A1E7A4F7556}") = "Razor", "StandardLibraries\Razor\Razor.csproj", "{F75725D8-C9A1-4783-8F48-B253F10DF373}"
EndProject
Project("{9A19103F-16F7-4668-BE54-9A1E7A4F7556}") = "RazorTest", "UnitTests\LibraryTests\RazorTest\RazorTest.csproj", "{5EABA79A-1053-47B7-B8E2-E4D70A97403E}"
EndProject
Project("{9A19103F-16F7-4668-BE54-9A1E7A4F7556}") = "ODBCTest", "ManualTests\LibraryTests\ODBCTest\ODBCTest.csproj", "{EBEFF0C8-3A1A-4604-8364-DD9940CFE631}"
EndProject
Project("{9A19103F-16F7-4668-BE54-9A1E7A4F7556}") = "PlotTest", "ManualTests\LibraryTests\PlotTest\PlotTest.csproj", "{D14B4ED9-1A9C-4A07-A331-CDB2A4153A51}"
EndProject
Project("{9A19103F-16F7-4668-BE54-9A1E7A4F7556}") = "PythonTest", "ManualTests\LibraryTests\PythonTest\PythonTest.csproj", "{1BBFB145-BDF2-4AB5-B39C-3F215E46FAFF}"
EndProject
Project("{9A19103F-16F7-4668-BE54-9A1E7A4F7556}") = "ManualTest", "ManualTests\ManualTest\ManualTest.csproj", "{AD2A47AC-78B9-4C38-9011-14FA506808E5}"
EndProject
Project("{9A19103F-16F7-4668-BE54-9A1E7A4F7556}") = "Pure", "Frontends\Pure\Pure.csproj", "{D21BD419-54D4-4DB3-9C04-603C8A540B2C}"
EndProject
Project("{9A19103F-16F7-4668-BE54-9A1E7A4F7556}") = "Notebook", "Frontends\Notebook\Notebook.csproj", "{3F14E6A1-2617-4D24-A0B2-DEEDC1B49A7D}"
EndProject
Project("{9A19103F-16F7-4668-BE54-9A1E7A4F7556}") = "ODBC", "StandardLibraries\ODBC\ODBC.csproj", "{48C99BA1-552E-42E9-A6EC-E4638AE00C48}"
EndProject
Project("{9A19103F-16F7-4668-BE54-9A1E7A4F7556}") = "Pipeline", "StandardLibraries\Pipeline\Pipeline.csproj", "{711828F5-2309-4635-AAF6-25DBDA0C2D9B}"
EndProject
Project("{9A19103F-16F7-4668-BE54-9A1E7A4F7556}") = "PlotWindow", "StandardLibraries\PlotWindow\PlotWindow.csproj", "{4F77A8DA-4DA6-41B2-BE81-CE8F64FE1F9B}"
EndProject
Project("{9A19103F-16F7-4668-BE54-9A1E7A4F7556}") = "Plot", "StandardLibraries\Plot\Plot.csproj", "{D700DB74-B9EC-4C56-BA3B-A86DD6443016}"
EndProject
Project("{9A19103F-16F7-4668-BE54-9A1E7A4F7556}") = "Python", "StandardLibraries\Python\Python.csproj", "{4E817DB6-708C-4B6A-A309-C25F048B914D}"
EndProject
Project("{9A19103F-16F7-4668-BE54-9A1E7A4F7556}") = "CoreTest", "UnitTests\CoreTest\CoreTest.csproj", "{157ADFE5-A786-4C9E-BF6F-06E237FDDC36}"
EndProject
Project("{9A19103F-16F7-4668-BE54-9A1E7A4F7556}") = "CentralSnippets", "StandardLibraries\CentralSnippets\CentralSnippets.csproj", "{F7E27F4C-CBE5-4F15-8D25-F8F46383181D}"
EndProject
Project("{9A19103F-16F7-4668-BE54-9A1E7A4F7556}") = "CentralSnippetsTest", "ManualTests\LibraryTests\CentralSnippetsTest\CentralSnippetsTest.csproj", "{35FDFACF-EF3D-4F08-A55E-C77770C732B1}"
EndProject
Project("{9A19103F-16F7-4668-BE54-9A1E7A4F7556}") = "CLITest", "CLITest\CLITest.csproj", "{9B43A56A-1B77-4C10-B99B-BB71E6A00995}"
EndProject
Project("{9A19103F-16F7-4668-BE54-9A1E7A4F7556}") = "CLI", "StandardLibraries\CLI\CLI.csproj", "{8FF96F0D-C71B-4226-9390-766E92AE1121}"
EndProject
Project("{9A19103F-16F7-4668-BE54-9A1E7A4F7556}") = "Vector", "StandardLibraries\Vector\Vector.csproj", "{8F17C4F4-96C5-4623-A19F-67084FA6C769}"
EndProject
Global
	GlobalSection(SolutionConfigurationPlatforms) = preSolution
		Debug|Any CPU = Debug|Any CPU
		Release|Any CPU = Release|Any CPU
	EndGlobalSection
	GlobalSection(ProjectConfigurationPlatforms) = postSolution
		{774AB144-AE03-440C-91E9-890DD93146B4}.Debug|Any CPU.ActiveCfg = Debug|Any CPU
		{774AB144-AE03-440C-91E9-890DD93146B4}.Debug|Any CPU.Build.0 = Debug|Any CPU
		{774AB144-AE03-440C-91E9-890DD93146B4}.Release|Any CPU.ActiveCfg = Release|Any CPU
		{774AB144-AE03-440C-91E9-890DD93146B4}.Release|Any CPU.Build.0 = Release|Any CPU
		{F75725D8-C9A1-4783-8F48-B253F10DF373}.Debug|Any CPU.ActiveCfg = Debug|Any CPU
		{F75725D8-C9A1-4783-8F48-B253F10DF373}.Debug|Any CPU.Build.0 = Debug|Any CPU
		{F75725D8-C9A1-4783-8F48-B253F10DF373}.Release|Any CPU.ActiveCfg = Release|Any CPU
		{F75725D8-C9A1-4783-8F48-B253F10DF373}.Release|Any CPU.Build.0 = Release|Any CPU
		{5EABA79A-1053-47B7-B8E2-E4D70A97403E}.Debug|Any CPU.ActiveCfg = Debug|Any CPU
		{5EABA79A-1053-47B7-B8E2-E4D70A97403E}.Debug|Any CPU.Build.0 = Debug|Any CPU
		{5EABA79A-1053-47B7-B8E2-E4D70A97403E}.Release|Any CPU.ActiveCfg = Release|Any CPU
		{5EABA79A-1053-47B7-B8E2-E4D70A97403E}.Release|Any CPU.Build.0 = Release|Any CPU
		{EBEFF0C8-3A1A-4604-8364-DD9940CFE631}.Debug|Any CPU.ActiveCfg = Debug|Any CPU
		{EBEFF0C8-3A1A-4604-8364-DD9940CFE631}.Debug|Any CPU.Build.0 = Debug|Any CPU
		{EBEFF0C8-3A1A-4604-8364-DD9940CFE631}.Release|Any CPU.ActiveCfg = Release|Any CPU
		{EBEFF0C8-3A1A-4604-8364-DD9940CFE631}.Release|Any CPU.Build.0 = Release|Any CPU
		{D14B4ED9-1A9C-4A07-A331-CDB2A4153A51}.Debug|Any CPU.ActiveCfg = Debug|Any CPU
		{D14B4ED9-1A9C-4A07-A331-CDB2A4153A51}.Debug|Any CPU.Build.0 = Debug|Any CPU
		{D14B4ED9-1A9C-4A07-A331-CDB2A4153A51}.Release|Any CPU.ActiveCfg = Release|Any CPU
		{D14B4ED9-1A9C-4A07-A331-CDB2A4153A51}.Release|Any CPU.Build.0 = Release|Any CPU
		{1BBFB145-BDF2-4AB5-B39C-3F215E46FAFF}.Debug|Any CPU.ActiveCfg = Debug|Any CPU
		{1BBFB145-BDF2-4AB5-B39C-3F215E46FAFF}.Debug|Any CPU.Build.0 = Debug|Any CPU
		{1BBFB145-BDF2-4AB5-B39C-3F215E46FAFF}.Release|Any CPU.ActiveCfg = Release|Any CPU
		{1BBFB145-BDF2-4AB5-B39C-3F215E46FAFF}.Release|Any CPU.Build.0 = Release|Any CPU
		{AD2A47AC-78B9-4C38-9011-14FA506808E5}.Debug|Any CPU.ActiveCfg = Debug|Any CPU
		{AD2A47AC-78B9-4C38-9011-14FA506808E5}.Debug|Any CPU.Build.0 = Debug|Any CPU
		{AD2A47AC-78B9-4C38-9011-14FA506808E5}.Release|Any CPU.ActiveCfg = Release|Any CPU
		{AD2A47AC-78B9-4C38-9011-14FA506808E5}.Release|Any CPU.Build.0 = Release|Any CPU
		{D21BD419-54D4-4DB3-9C04-603C8A540B2C}.Debug|Any CPU.ActiveCfg = Debug|Any CPU
		{D21BD419-54D4-4DB3-9C04-603C8A540B2C}.Debug|Any CPU.Build.0 = Debug|Any CPU
		{D21BD419-54D4-4DB3-9C04-603C8A540B2C}.Release|Any CPU.ActiveCfg = Release|Any CPU
		{D21BD419-54D4-4DB3-9C04-603C8A540B2C}.Release|Any CPU.Build.0 = Release|Any CPU
		{3F14E6A1-2617-4D24-A0B2-DEEDC1B49A7D}.Debug|Any CPU.ActiveCfg = Debug|Any CPU
		{3F14E6A1-2617-4D24-A0B2-DEEDC1B49A7D}.Debug|Any CPU.Build.0 = Debug|Any CPU
		{3F14E6A1-2617-4D24-A0B2-DEEDC1B49A7D}.Release|Any CPU.ActiveCfg = Release|Any CPU
		{3F14E6A1-2617-4D24-A0B2-DEEDC1B49A7D}.Release|Any CPU.Build.0 = Release|Any CPU
		{48C99BA1-552E-42E9-A6EC-E4638AE00C48}.Debug|Any CPU.ActiveCfg = Debug|Any CPU
		{48C99BA1-552E-42E9-A6EC-E4638AE00C48}.Debug|Any CPU.Build.0 = Debug|Any CPU
		{48C99BA1-552E-42E9-A6EC-E4638AE00C48}.Release|Any CPU.ActiveCfg = Release|Any CPU
		{48C99BA1-552E-42E9-A6EC-E4638AE00C48}.Release|Any CPU.Build.0 = Release|Any CPU
		{711828F5-2309-4635-AAF6-25DBDA0C2D9B}.Debug|Any CPU.ActiveCfg = Debug|Any CPU
		{711828F5-2309-4635-AAF6-25DBDA0C2D9B}.Debug|Any CPU.Build.0 = Debug|Any CPU
		{711828F5-2309-4635-AAF6-25DBDA0C2D9B}.Release|Any CPU.ActiveCfg = Release|Any CPU
		{711828F5-2309-4635-AAF6-25DBDA0C2D9B}.Release|Any CPU.Build.0 = Release|Any CPU
		{4F77A8DA-4DA6-41B2-BE81-CE8F64FE1F9B}.Debug|Any CPU.ActiveCfg = Debug|Any CPU
		{4F77A8DA-4DA6-41B2-BE81-CE8F64FE1F9B}.Debug|Any CPU.Build.0 = Debug|Any CPU
		{4F77A8DA-4DA6-41B2-BE81-CE8F64FE1F9B}.Release|Any CPU.ActiveCfg = Release|Any CPU
		{4F77A8DA-4DA6-41B2-BE81-CE8F64FE1F9B}.Release|Any CPU.Build.0 = Release|Any CPU
		{D700DB74-B9EC-4C56-BA3B-A86DD6443016}.Debug|Any CPU.ActiveCfg = Debug|Any CPU
		{D700DB74-B9EC-4C56-BA3B-A86DD6443016}.Debug|Any CPU.Build.0 = Debug|Any CPU
		{D700DB74-B9EC-4C56-BA3B-A86DD6443016}.Release|Any CPU.ActiveCfg = Release|Any CPU
		{D700DB74-B9EC-4C56-BA3B-A86DD6443016}.Release|Any CPU.Build.0 = Release|Any CPU
		{4E817DB6-708C-4B6A-A309-C25F048B914D}.Debug|Any CPU.ActiveCfg = Debug|Any CPU
		{4E817DB6-708C-4B6A-A309-C25F048B914D}.Debug|Any CPU.Build.0 = Debug|Any CPU
		{4E817DB6-708C-4B6A-A309-C25F048B914D}.Release|Any CPU.ActiveCfg = Release|Any CPU
		{4E817DB6-708C-4B6A-A309-C25F048B914D}.Release|Any CPU.Build.0 = Release|Any CPU
		{157ADFE5-A786-4C9E-BF6F-06E237FDDC36}.Debug|Any CPU.ActiveCfg = Debug|Any CPU
		{157ADFE5-A786-4C9E-BF6F-06E237FDDC36}.Debug|Any CPU.Build.0 = Debug|Any CPU
		{157ADFE5-A786-4C9E-BF6F-06E237FDDC36}.Release|Any CPU.ActiveCfg = Release|Any CPU
		{157ADFE5-A786-4C9E-BF6F-06E237FDDC36}.Release|Any CPU.Build.0 = Release|Any CPU
		{F7E27F4C-CBE5-4F15-8D25-F8F46383181D}.Debug|Any CPU.ActiveCfg = Debug|Any CPU
		{F7E27F4C-CBE5-4F15-8D25-F8F46383181D}.Debug|Any CPU.Build.0 = Debug|Any CPU
		{F7E27F4C-CBE5-4F15-8D25-F8F46383181D}.Release|Any CPU.ActiveCfg = Release|Any CPU
		{F7E27F4C-CBE5-4F15-8D25-F8F46383181D}.Release|Any CPU.Build.0 = Release|Any CPU
		{35FDFACF-EF3D-4F08-A55E-C77770C732B1}.Debug|Any CPU.ActiveCfg = Debug|Any CPU
		{35FDFACF-EF3D-4F08-A55E-C77770C732B1}.Debug|Any CPU.Build.0 = Debug|Any CPU
		{35FDFACF-EF3D-4F08-A55E-C77770C732B1}.Release|Any CPU.ActiveCfg = Release|Any CPU
		{35FDFACF-EF3D-4F08-A55E-C77770C732B1}.Release|Any CPU.Build.0 = Release|Any CPU
		{9B43A56A-1B77-4C10-B99B-BB71E6A00995}.Debug|Any CPU.ActiveCfg = Debug|Any CPU
		{9B43A56A-1B77-4C10-B99B-BB71E6A00995}.Debug|Any CPU.Build.0 = Debug|Any CPU
		{9B43A56A-1B77-4C10-B99B-BB71E6A00995}.Release|Any CPU.ActiveCfg = Release|Any CPU
		{9B43A56A-1B77-4C10-B99B-BB71E6A00995}.Release|Any CPU.Build.0 = Release|Any CPU
		{8FF96F0D-C71B-4226-9390-766E92AE1121}.Debug|Any CPU.ActiveCfg = Debug|Any CPU
		{8FF96F0D-C71B-4226-9390-766E92AE1121}.Debug|Any CPU.Build.0 = Debug|Any CPU
		{8FF96F0D-C71B-4226-9390-766E92AE1121}.Release|Any CPU.ActiveCfg = Release|Any CPU
		{8FF96F0D-C71B-4226-9390-766E92AE1121}.Release|Any CPU.Build.0 = Release|Any CPU
		{8F17C4F4-96C5-4623-A19F-67084FA6C769}.Debug|Any CPU.ActiveCfg = Debug|Any CPU
		{8F17C4F4-96C5-4623-A19F-67084FA6C769}.Debug|Any CPU.Build.0 = Debug|Any CPU
		{8F17C4F4-96C5-4623-A19F-67084FA6C769}.Release|Any CPU.ActiveCfg = Release|Any CPU
		{8F17C4F4-96C5-4623-A19F-67084FA6C769}.Release|Any CPU.Build.0 = Release|Any CPU
	EndGlobalSection
	GlobalSection(SolutionProperties) = preSolution
		HideSolutionNode = FALSE
	EndGlobalSection
	GlobalSection(NestedProjects) = preSolution
		{774AB144-AE03-440C-91E9-890DD93146B4} = {193AD091-95BC-4B43-9C76-D5AFF7DEFB70}
		{9D9D1730-0BA6-447B-A521-E9CF3AD984FE} = {C9304917-F884-4798-9CAB-82D3663A5E26}
		{A35751FC-3D78-4AC9-B4F3-7781B188A7E4} = {495B342E-4B50-4C7B-8EDF-4C6E7D3F9A6B}
		{B94B6375-FDCB-4E5B-9670-F518924CFD0F} = {69C4FF0E-BC56-439F-8BED-592E3A01EBBD}
		{D1993D37-B5EB-4405-B730-BDDBE267BE48} = {375FF2F3-5CB1-48AA-84FA-2B7A57015858}
		{F75725D8-C9A1-4783-8F48-B253F10DF373} = {66A19951-0B64-4CDA-9283-DF42F000BB81}
		{5EABA79A-1053-47B7-B8E2-E4D70A97403E} = {D1993D37-B5EB-4405-B730-BDDBE267BE48}
		{EBEFF0C8-3A1A-4604-8364-DD9940CFE631} = {9D9D1730-0BA6-447B-A521-E9CF3AD984FE}
		{D14B4ED9-1A9C-4A07-A331-CDB2A4153A51} = {9D9D1730-0BA6-447B-A521-E9CF3AD984FE}
		{1BBFB145-BDF2-4AB5-B39C-3F215E46FAFF} = {9D9D1730-0BA6-447B-A521-E9CF3AD984FE}
		{AD2A47AC-78B9-4C38-9011-14FA506808E5} = {C9304917-F884-4798-9CAB-82D3663A5E26}
		{D21BD419-54D4-4DB3-9C04-603C8A540B2C} = {69C4FF0E-BC56-439F-8BED-592E3A01EBBD}
		{3F14E6A1-2617-4D24-A0B2-DEEDC1B49A7D} = {B94B6375-FDCB-4E5B-9670-F518924CFD0F}
		{48C99BA1-552E-42E9-A6EC-E4638AE00C48} = {66A19951-0B64-4CDA-9283-DF42F000BB81}
		{711828F5-2309-4635-AAF6-25DBDA0C2D9B} = {66A19951-0B64-4CDA-9283-DF42F000BB81}
		{4F77A8DA-4DA6-41B2-BE81-CE8F64FE1F9B} = {66A19951-0B64-4CDA-9283-DF42F000BB81}
		{D700DB74-B9EC-4C56-BA3B-A86DD6443016} = {66A19951-0B64-4CDA-9283-DF42F000BB81}
		{4E817DB6-708C-4B6A-A309-C25F048B914D} = {66A19951-0B64-4CDA-9283-DF42F000BB81}
		{157ADFE5-A786-4C9E-BF6F-06E237FDDC36} = {375FF2F3-5CB1-48AA-84FA-2B7A57015858}
		{F7E27F4C-CBE5-4F15-8D25-F8F46383181D} = {66A19951-0B64-4CDA-9283-DF42F000BB81}
		{35FDFACF-EF3D-4F08-A55E-C77770C732B1} = {9D9D1730-0BA6-447B-A521-E9CF3AD984FE}
		{9B43A56A-1B77-4C10-B99B-BB71E6A00995} = {D1993D37-B5EB-4405-B730-BDDBE267BE48}
		{8FF96F0D-C71B-4226-9390-766E92AE1121} = {66A19951-0B64-4CDA-9283-DF42F000BB81}
		{8F17C4F4-96C5-4623-A19F-67084FA6C769} = {66A19951-0B64-4CDA-9283-DF42F000BB81}
	EndGlobalSection
	GlobalSection(ExtensibilityGlobals) = postSolution
		SolutionGuid = {B113BF9D-0A5B-43D7-A132-D1CCD6AC46DA}
	EndGlobalSection
EndGlobal
